
Microsoft Visual Studio Solution File, Format Version 12.00
# Visual Studio Version 17
VisualStudioVersion = 17.6.33829.357
MinimumVisualStudioVersion = 10.0.40219.1
Project("{FAE04EC0-301F-11D3-BF4B-00C04F79EFBC}") = "CryptoClient", "CryptoClient\CryptoClient.csproj", "{ACBCE1ED-CEBF-4561-83F2-B19E17F856F2}"
EndProject
Project("{FAE04EC0-301F-11D3-BF4B-00C04F79EFBC}") = "RequestTester", "RequestTester\RequestTester.csproj", "{51780393-73D5-49FB-A337-754DBB35348E}"
EndProject
Global
	GlobalSection(SolutionConfigurationPlatforms) = preSolution
		Debug|Any CPU = Debug|Any CPU
		Release|Any CPU = Release|Any CPU
	EndGlobalSection
	GlobalSection(ProjectConfigurationPlatforms) = postSolution
		{ACBCE1ED-CEBF-4561-83F2-B19E17F856F2}.Debug|Any CPU.ActiveCfg = Debug|Any CPU
		{ACBCE1ED-CEBF-4561-83F2-B19E17F856F2}.Debug|Any CPU.Build.0 = Debug|Any CPU
		{ACBCE1ED-CEBF-4561-83F2-B19E17F856F2}.Release|Any CPU.ActiveCfg = Release|Any CPU
		{ACBCE1ED-CEBF-4561-83F2-B19E17F856F2}.Release|Any CPU.Build.0 = Release|Any CPU
		{51780393-73D5-49FB-A337-754DBB35348E}.Debug|Any CPU.ActiveCfg = Debug|Any CPU
		{51780393-73D5-49FB-A337-754DBB35348E}.Debug|Any CPU.Build.0 = Debug|Any CPU
		{51780393-73D5-49FB-A337-754DBB35348E}.Release|Any CPU.ActiveCfg = Release|Any CPU
		{51780393-73D5-49FB-A337-754DBB35348E}.Release|Any CPU.Build.0 = Release|Any CPU
	EndGlobalSection
	GlobalSection(SolutionProperties) = preSolution
		HideSolutionNode = FALSE
	EndGlobalSection
	GlobalSection(ExtensibilityGlobals) = postSolution
		SolutionGuid = {02A4B2C3-2710-4E87-9705-5F08728EA0F0}
	EndGlobalSection
EndGlobal
